
Microsoft Visual Studio Solution File, Format Version 12.00
# Visual Studio Version 17
VisualStudioVersion = 17.5.33424.131
MinimumVisualStudioVersion = 10.0.40219.1
Project("{9A19103F-16F7-4668-BE54-9A1E7A4F7556}") = "WebAppMVCPractice", "WebAppMVCPractice\WebAppMVCPractice.csproj", "{CEC38FA4-EDDE-4044-AA58-75D6E1A57980}"
EndProject
Project("{9A19103F-16F7-4668-BE54-9A1E7A4F7556}") = "WebAPI", "WebAPI\WebAPI.csproj", "{BB14805D-F491-4370-9DDD-889150A4461F}"
EndProject
Project("{9A19103F-16F7-4668-BE54-9A1E7A4F7556}") = "ClassLibrary", "ClassLibrary\ClassLibrary.csproj", "{C77AD2CD-30C7-4AC2-AF15-02403C9574FC}"
EndProject
Project("{FAE04EC0-301F-11D3-BF4B-00C04F79EFBC}") = "Tests", "Tests\Tests.csproj", "{9C973F49-D630-41CC-9993-BC623E467FD5}"
EndProject
Global
	GlobalSection(SolutionConfigurationPlatforms) = preSolution
		Debug|Any CPU = Debug|Any CPU
		Release|Any CPU = Release|Any CPU
	EndGlobalSection
	GlobalSection(ProjectConfigurationPlatforms) = postSolution
		{CEC38FA4-EDDE-4044-AA58-75D6E1A57980}.Debug|Any CPU.ActiveCfg = Debug|Any CPU
		{CEC38FA4-EDDE-4044-AA58-75D6E1A57980}.Debug|Any CPU.Build.0 = Debug|Any CPU
		{CEC38FA4-EDDE-4044-AA58-75D6E1A57980}.Release|Any CPU.ActiveCfg = Release|Any CPU
		{CEC38FA4-EDDE-4044-AA58-75D6E1A57980}.Release|Any CPU.Build.0 = Release|Any CPU
		{BB14805D-F491-4370-9DDD-889150A4461F}.Debug|Any CPU.ActiveCfg = Debug|Any CPU
		{BB14805D-F491-4370-9DDD-889150A4461F}.Debug|Any CPU.Build.0 = Debug|Any CPU
		{BB14805D-F491-4370-9DDD-889150A4461F}.Release|Any CPU.ActiveCfg = Release|Any CPU
		{BB14805D-F491-4370-9DDD-889150A4461F}.Release|Any CPU.Build.0 = Release|Any CPU
		{C77AD2CD-30C7-4AC2-AF15-02403C9574FC}.Debug|Any CPU.ActiveCfg = Debug|Any CPU
		{C77AD2CD-30C7-4AC2-AF15-02403C9574FC}.Debug|Any CPU.Build.0 = Debug|Any CPU
		{C77AD2CD-30C7-4AC2-AF15-02403C9574FC}.Release|Any CPU.ActiveCfg = Release|Any CPU
		{C77AD2CD-30C7-4AC2-AF15-02403C9574FC}.Release|Any CPU.Build.0 = Release|Any CPU
		{9C973F49-D630-41CC-9993-BC623E467FD5}.Debug|Any CPU.ActiveCfg = Debug|Any CPU
		{9C973F49-D630-41CC-9993-BC623E467FD5}.Debug|Any CPU.Build.0 = Debug|Any CPU
		{9C973F49-D630-41CC-9993-BC623E467FD5}.Release|Any CPU.ActiveCfg = Release|Any CPU
		{9C973F49-D630-41CC-9993-BC623E467FD5}.Release|Any CPU.Build.0 = Release|Any CPU
	EndGlobalSection
	GlobalSection(SolutionProperties) = preSolution
		HideSolutionNode = FALSE
	EndGlobalSection
	GlobalSection(ExtensibilityGlobals) = postSolution
		SolutionGuid = {E0F0DB12-6122-472C-874D-E9AEB5F964A4}
	EndGlobalSection
EndGlobal
